// !$*UTF8*$!
{
	archiveVersion = 1;
	classes = {
	};
	objectVersion = 55;
	objects = {

/* Begin PBXBuildFile section */
		746B4F2F279EEAAF00D47CE3 /* AppDelegate.swift in Sources */ = {isa = PBXBuildFile; fileRef = 746B4F2E279EEAAF00D47CE3 /* AppDelegate.swift */; };
		746B4F31279EEAAF00D47CE3 /* SceneDelegate.swift in Sources */ = {isa = PBXBuildFile; fileRef = 746B4F30279EEAAF00D47CE3 /* SceneDelegate.swift */; };
		746B4F33279EEAAF00D47CE3 /* LoginViewController.swift in Sources */ = {isa = PBXBuildFile; fileRef = 746B4F32279EEAAF00D47CE3 /* LoginViewController.swift */; };
		746B4F36279EEAAF00D47CE3 /* Main.storyboard in Resources */ = {isa = PBXBuildFile; fileRef = 746B4F34279EEAAF00D47CE3 /* Main.storyboard */; };
		746B4F38279EEAB100D47CE3 /* Assets.xcassets in Resources */ = {isa = PBXBuildFile; fileRef = 746B4F37279EEAB100D47CE3 /* Assets.xcassets */; };
		746B4F3B279EEAB100D47CE3 /* LaunchScreen.storyboard in Resources */ = {isa = PBXBuildFile; fileRef = 746B4F39279EEAB100D47CE3 /* LaunchScreen.storyboard */; };
		746B4F44279EEB4200D47CE3 /* WelcomeViewController.swift in Sources */ = {isa = PBXBuildFile; fileRef = 746B4F43279EEB4200D47CE3 /* WelcomeViewController.swift */; };
		746B4F46279EEB5E00D47CE3 /* AboutMeViewController.swift in Sources */ = {isa = PBXBuildFile; fileRef = 746B4F45279EEB5E00D47CE3 /* AboutMeViewController.swift */; };
		746B4F48279EEB7300D47CE3 /* PictureViewController.swift in Sources */ = {isa = PBXBuildFile; fileRef = 746B4F47279EEB7300D47CE3 /* PictureViewController.swift */; };
		746B4F4D279EEC1800D47CE3 /* User.swift in Sources */ = {isa = PBXBuildFile; fileRef = 746B4F4C279EEC1800D47CE3 /* User.swift */; };
/* End PBXBuildFile section */

/* Begin PBXFileReference section */
		746B4F2B279EEAAF00D47CE3 /* AboutMeApp.app */ = {isa = PBXFileReference; explicitFileType = wrapper.application; includeInIndex = 0; path = AboutMeApp.app; sourceTree = BUILT_PRODUCTS_DIR; };
		746B4F2E279EEAAF00D47CE3 /* AppDelegate.swift */ = {isa = PBXFileReference; lastKnownFileType = sourcecode.swift; path = AppDelegate.swift; sourceTree = "<group>"; };
		746B4F30279EEAAF00D47CE3 /* SceneDelegate.swift */ = {isa = PBXFileReference; lastKnownFileType = sourcecode.swift; path = SceneDelegate.swift; sourceTree = "<group>"; };
		746B4F32279EEAAF00D47CE3 /* LoginViewController.swift */ = {isa = PBXFileReference; lastKnownFileType = sourcecode.swift; path = LoginViewController.swift; sourceTree = "<group>"; };
		746B4F35279EEAAF00D47CE3 /* Base */ = {isa = PBXFileReference; lastKnownFileType = file.storyboard; name = Base; path = Base.lproj/Main.storyboard; sourceTree = "<group>"; };
		746B4F37279EEAB100D47CE3 /* Assets.xcassets */ = {isa = PBXFileReference; lastKnownFileType = folder.assetcatalog; path = Assets.xcassets; sourceTree = "<group>"; };
		746B4F3A279EEAB100D47CE3 /* Base */ = {isa = PBXFileReference; lastKnownFileType = file.storyboard; name = Base; path = Base.lproj/LaunchScreen.storyboard; sourceTree = "<group>"; };
		746B4F3C279EEAB100D47CE3 /* Info.plist */ = {isa = PBXFileReference; lastKnownFileType = text.plist.xml; path = Info.plist; sourceTree = "<group>"; };
		746B4F43279EEB4200D47CE3 /* WelcomeViewController.swift */ = {isa = PBXFileReference; lastKnownFileType = sourcecode.swift; path = WelcomeViewController.swift; sourceTree = "<group>"; };
		746B4F45279EEB5E00D47CE3 /* AboutMeViewController.swift */ = {isa = PBXFileReference; lastKnownFileType = sourcecode.swift; path = AboutMeViewController.swift; sourceTree = "<group>"; };
		746B4F47279EEB7300D47CE3 /* PictureViewController.swift */ = {isa = PBXFileReference; lastKnownFileType = sourcecode.swift; path = PictureViewController.swift; sourceTree = "<group>"; };
		746B4F4C279EEC1800D47CE3 /* User.swift */ = {isa = PBXFileReference; lastKnownFileType = sourcecode.swift; path = User.swift; sourceTree = "<group>"; };
/* End PBXFileReference section */

/* Begin PBXFrameworksBuildPhase section */
		746B4F28279EEAAF00D47CE3 /* Frameworks */ = {
			isa = PBXFrameworksBuildPhase;
			buildActionMask = 2147483647;
			files = (
			);
			runOnlyForDeploymentPostprocessing = 0;
		};
/* End PBXFrameworksBuildPhase section */

/* Begin PBXGroup section */
		746B4F22279EEAAE00D47CE3 = {
			isa = PBXGroup;
			children = (
				746B4F2D279EEAAF00D47CE3 /* AboutMeApp */,
				746B4F2C279EEAAF00D47CE3 /* Products */,
			);
			sourceTree = "<group>";
		};
		746B4F2C279EEAAF00D47CE3 /* Products */ = {
			isa = PBXGroup;
			children = (
				746B4F2B279EEAAF00D47CE3 /* AboutMeApp.app */,
			);
			name = Products;
			sourceTree = "<group>";
		};
		746B4F2D279EEAAF00D47CE3 /* AboutMeApp */ = {
			isa = PBXGroup;
			children = (
				746B4F42279EEB1B00D47CE3 /* ViewControllers */,
				746B4F4E279EEC2200D47CE3 /* Models */,
				746B4F4A279EEB9900D47CE3 /* Storyboards */,
				746B4F4B279EEBF700D47CE3 /* Resources */,
				746B4F49279EEB8600D47CE3 /* App */,
			);
			path = AboutMeApp;
			sourceTree = "<group>";
		};
		746B4F42279EEB1B00D47CE3 /* ViewControllers */ = {
			isa = PBXGroup;
			children = (
				746B4F32279EEAAF00D47CE3 /* LoginViewController.swift */,
				746B4F43279EEB4200D47CE3 /* WelcomeViewController.swift */,
				746B4F45279EEB5E00D47CE3 /* AboutMeViewController.swift */,
				746B4F47279EEB7300D47CE3 /* PictureViewController.swift */,
			);
			path = ViewControllers;
			sourceTree = "<group>";
		};
		746B4F49279EEB8600D47CE3 /* App */ = {
			isa = PBXGroup;
			children = (
				746B4F3C279EEAB100D47CE3 /* Info.plist */,
				746B4F30279EEAAF00D47CE3 /* SceneDelegate.swift */,
				746B4F2E279EEAAF00D47CE3 /* AppDelegate.swift */,
			);
			path = App;
			sourceTree = "<group>";
		};
		746B4F4A279EEB9900D47CE3 /* Storyboards */ = {
			isa = PBXGroup;
			children = (
				746B4F34279EEAAF00D47CE3 /* Main.storyboard */,
				746B4F39279EEAB100D47CE3 /* LaunchScreen.storyboard */,
			);
			path = Storyboards;
			sourceTree = "<group>";
		};
		746B4F4B279EEBF700D47CE3 /* Resources */ = {
			isa = PBXGroup;
			children = (
				746B4F37279EEAB100D47CE3 /* Assets.xcassets */,
			);
			path = Resources;
			sourceTree = "<group>";
		};
		746B4F4E279EEC2200D47CE3 /* Models */ = {
			isa = PBXGroup;
			children = (
				746B4F4C279EEC1800D47CE3 /* User.swift */,
			);
			path = Models;
			sourceTree = "<group>";
		};
/* End PBXGroup section */

/* Begin PBXNativeTarget section */
		746B4F2A279EEAAF00D47CE3 /* AboutMeApp */ = {
			isa = PBXNativeTarget;
			buildConfigurationList = 746B4F3F279EEAB100D47CE3 /* Build configuration list for PBXNativeTarget "AboutMeApp" */;
			buildPhases = (
				746B4F27279EEAAF00D47CE3 /* Sources */,
				746B4F28279EEAAF00D47CE3 /* Frameworks */,
				746B4F29279EEAAF00D47CE3 /* Resources */,
			);
			buildRules = (
			);
			dependencies = (
			);
			name = AboutMeApp;
			productName = AboutMeApp;
			productReference = 746B4F2B279EEAAF00D47CE3 /* AboutMeApp.app */;
			productType = "com.apple.product-type.application";
		};
/* End PBXNativeTarget section */

/* Begin PBXProject section */
		746B4F23279EEAAE00D47CE3 /* Project object */ = {
			isa = PBXProject;
			attributes = {
				BuildIndependentTargetsInParallel = 1;
				LastSwiftUpdateCheck = 1310;
				LastUpgradeCheck = 1310;
				TargetAttributes = {
					746B4F2A279EEAAF00D47CE3 = {
						CreatedOnToolsVersion = 13.1;
					};
				};
			};
			buildConfigurationList = 746B4F26279EEAAE00D47CE3 /* Build configuration list for PBXProject "AboutMeApp" */;
			compatibilityVersion = "Xcode 13.0";
			developmentRegion = en;
			hasScannedForEncodings = 0;
			knownRegions = (
				en,
				Base,
			);
			mainGroup = 746B4F22279EEAAE00D47CE3;
			productRefGroup = 746B4F2C279EEAAF00D47CE3 /* Products */;
			projectDirPath = "";
			projectRoot = "";
			targets = (
				746B4F2A279EEAAF00D47CE3 /* AboutMeApp */,
			);
		};
/* End PBXProject section */

/* Begin PBXResourcesBuildPhase section */
		746B4F29279EEAAF00D47CE3 /* Resources */ = {
			isa = PBXResourcesBuildPhase;
			buildActionMask = 2147483647;
			files = (
				746B4F3B279EEAB100D47CE3 /* LaunchScreen.storyboard in Resources */,
				746B4F38279EEAB100D47CE3 /* Assets.xcassets in Resources */,
				746B4F36279EEAAF00D47CE3 /* Main.storyboard in Resources */,
			);
			runOnlyForDeploymentPostprocessing = 0;
		};
/* End PBXResourcesBuildPhase section */

/* Begin PBXSourcesBuildPhase section */
		746B4F27279EEAAF00D47CE3 /* Sources */ = {
			isa = PBXSourcesBuildPhase;
			buildActionMask = 2147483647;
			files = (
				746B4F33279EEAAF00D47CE3 /* LoginViewController.swift in Sources */,
				746B4F48279EEB7300D47CE3 /* PictureViewController.swift in Sources */,
				746B4F46279EEB5E00D47CE3 /* AboutMeViewController.swift in Sources */,
				746B4F44279EEB4200D47CE3 /* WelcomeViewController.swift in Sources */,
				746B4F2F279EEAAF00D47CE3 /* AppDelegate.swift in Sources */,
				746B4F31279EEAAF00D47CE3 /* SceneDelegate.swift in Sources */,
				746B4F4D279EEC1800D47CE3 /* User.swift in Sources */,
			);
			runOnlyForDeploymentPostprocessing = 0;
		};
/* End PBXSourcesBuildPhase section */

/* Begin PBXVariantGroup section */
		746B4F34279EEAAF00D47CE3 /* Main.storyboard */ = {
			isa = PBXVariantGroup;
			children = (
				746B4F35279EEAAF00D47CE3 /* Base */,
			);
			name = Main.storyboard;
			sourceTree = "<group>";
		};
		746B4F39279EEAB100D47CE3 /* LaunchScreen.storyboard */ = {
			isa = PBXVariantGroup;
			children = (
				746B4F3A279EEAB100D47CE3 /* Base */,
			);
			name = LaunchScreen.storyboard;
			sourceTree = "<group>";
		};
/* End PBXVariantGroup section */

/* Begin XCBuildConfiguration section */
		746B4F3D279EEAB100D47CE3 /* Debug */ = {
			isa = XCBuildConfiguration;
			buildSettings = {
				ALWAYS_SEARCH_USER_PATHS = NO;
				CLANG_ANALYZER_NONNULL = YES;
				CLANG_ANALYZER_NUMBER_OBJECT_CONVERSION = YES_AGGRESSIVE;
				CLANG_CXX_LANGUAGE_STANDARD = "gnu++17";
				CLANG_CXX_LIBRARY = "libc++";
				CLANG_ENABLE_MODULES = YES;
				CLANG_ENABLE_OBJC_ARC = YES;
				CLANG_ENABLE_OBJC_WEAK = YES;
				CLANG_WARN_BLOCK_CAPTURE_AUTORELEASING = YES;
				CLANG_WARN_BOOL_CONVERSION = YES;
				CLANG_WARN_COMMA = YES;
				CLANG_WARN_CONSTANT_CONVERSION = YES;
				CLANG_WARN_DEPRECATED_OBJC_IMPLEMENTATIONS = YES;
				CLANG_WARN_DIRECT_OBJC_ISA_USAGE = YES_ERROR;
				CLANG_WARN_DOCUMENTATION_COMMENTS = YES;
				CLANG_WARN_EMPTY_BODY = YES;
				CLANG_WARN_ENUM_CONVERSION = YES;
				CLANG_WARN_INFINITE_RECURSION = YES;
				CLANG_WARN_INT_CONVERSION = YES;
				CLANG_WARN_NON_LITERAL_NULL_CONVERSION = YES;
				CLANG_WARN_OBJC_IMPLICIT_RETAIN_SELF = YES;
				CLANG_WARN_OBJC_LITERAL_CONVERSION = YES;
				CLANG_WARN_OBJC_ROOT_CLASS = YES_ERROR;
				CLANG_WARN_QUOTED_INCLUDE_IN_FRAMEWORK_HEADER = YES;
				CLANG_WARN_RANGE_LOOP_ANALYSIS = YES;
				CLANG_WARN_STRICT_PROTOTYPES = YES;
				CLANG_WARN_SUSPICIOUS_MOVE = YES;
				CLANG_WARN_UNGUARDED_AVAILABILITY = YES_AGGRESSIVE;
				CLANG_WARN_UNREACHABLE_CODE = YES;
				CLANG_WARN__DUPLICATE_METHOD_MATCH = YES;
				COPY_PHASE_STRIP = NO;
				DEBUG_INFORMATION_FORMAT = dwarf;
				ENABLE_STRICT_OBJC_MSGSEND = YES;
				ENABLE_TESTABILITY = YES;
				GCC_C_LANGUAGE_STANDARD = gnu11;
				GCC_DYNAMIC_NO_PIC = NO;
				GCC_NO_COMMON_BLOCKS = YES;
				GCC_OPTIMIZATION_LEVEL = 0;
				GCC_PREPROCESSOR_DEFINITIONS = (
					"DEBUG=1",
					"$(inherited)",
				);
				GCC_WARN_64_TO_32_BIT_CONVERSION = YES;
				GCC_WARN_ABOUT_RETURN_TYPE = YES_ERROR;
				GCC_WARN_UNDECLARED_SELECTOR = YES;
				GCC_WARN_UNINITIALIZED_AUTOS = YES_AGGRESSIVE;
				GCC_WARN_UNUSED_FUNCTION = YES;
				GCC_WARN_UNUSED_VARIABLE = YES;
				IPHONEOS_DEPLOYMENT_TARGET = 15.0;
				MTL_ENABLE_DEBUG_INFO = INCLUDE_SOURCE;
				MTL_FAST_MATH = YES;
				ONLY_ACTIVE_ARCH = YES;
				SDKROOT = iphoneos;
				SWIFT_ACTIVE_COMPILATION_CONDITIONS = DEBUG;
				SWIFT_OPTIMIZATION_LEVEL = "-Onone";
			};
			name = Debug;
		};
		746B4F3E279EEAB100D47CE3 /* Release */ = {
			isa = XCBuildConfiguration;
			buildSettings = {
				ALWAYS_SEARCH_USER_PATHS = NO;
				CLANG_ANALYZER_NONNULL = YES;
				CLANG_ANALYZER_NUMBER_OBJECT_CONVERSION = YES_AGGRESSIVE;
				CLANG_CXX_LANGUAGE_STANDARD = "gnu++17";
				CLANG_CXX_LIBRARY = "libc++";
				CLANG_ENABLE_MODULES = YES;
				CLANG_ENABLE_OBJC_ARC = YES;
				CLANG_ENABLE_OBJC_WEAK = YES;
				CLANG_WARN_BLOCK_CAPTURE_AUTORELEASING = YES;
				CLANG_WARN_BOOL_CONVERSION = YES;
				CLANG_WARN_COMMA = YES;
				CLANG_WARN_CONSTANT_CONVERSION = YES;
				CLANG_WARN_DEPRECATED_OBJC_IMPLEMENTATIONS = YES;
				CLANG_WARN_DIRECT_OBJC_ISA_USAGE = YES_ERROR;
				CLANG_WARN_DOCUMENTATION_COMMENTS = YES;
				CLANG_WARN_EMPTY_BODY = YES;
				CLANG_WARN_ENUM_CONVERSION = YES;
				CLANG_WARN_INFINITE_RECURSION = YES;
				CLANG_WARN_INT_CONVERSION = YES;
				CLANG_WARN_NON_LITERAL_NULL_CONVERSION = YES;
				CLANG_WARN_OBJC_IMPLICIT_RETAIN_SELF = YES;
				CLANG_WARN_OBJC_LITERAL_CONVERSION = YES;
				CLANG_WARN_OBJC_ROOT_CLASS = YES_ERROR;
				CLANG_WARN_QUOTED_INCLUDE_IN_FRAMEWORK_HEADER = YES;
				CLANG_WARN_RANGE_LOOP_ANALYSIS = YES;
				CLANG_WARN_STRICT_PROTOTYPES = YES;
				CLANG_WARN_SUSPICIOUS_MOVE = YES;
				CLANG_WARN_UNGUARDED_AVAILABILITY = YES_AGGRESSIVE;
				CLANG_WARN_UNREACHABLE_CODE = YES;
				CLANG_WARN__DUPLICATE_METHOD_MATCH = YES;
				COPY_PHASE_STRIP = NO;
				DEBUG_INFORMATION_FORMAT = "dwarf-with-dsym";
				ENABLE_NS_ASSERTIONS = NO;
				ENABLE_STRICT_OBJC_MSGSEND = YES;
				GCC_C_LANGUAGE_STANDARD = gnu11;
				GCC_NO_COMMON_BLOCKS = YES;
				GCC_WARN_64_TO_32_BIT_CONVERSION = YES;
				GCC_WARN_ABOUT_RETURN_TYPE = YES_ERROR;
				GCC_WARN_UNDECLARED_SELECTOR = YES;
				GCC_WARN_UNINITIALIZED_AUTOS = YES_AGGRESSIVE;
				GCC_WARN_UNUSED_FUNCTION = YES;
				GCC_WARN_UNUSED_VARIABLE = YES;
				IPHONEOS_DEPLOYMENT_TARGET = 15.0;
				MTL_ENABLE_DEBUG_INFO = NO;
				MTL_FAST_MATH = YES;
				SDKROOT = iphoneos;
				SWIFT_COMPILATION_MODE = wholemodule;
				SWIFT_OPTIMIZATION_LEVEL = "-O";
				VALIDATE_PRODUCT = YES;
			};
			name = Release;
		};
		746B4F40279EEAB100D47CE3 /* Debug */ = {
			isa = XCBuildConfiguration;
			buildSettings = {
				ASSETCATALOG_COMPILER_APPICON_NAME = AppIcon;
				ASSETCATALOG_COMPILER_GLOBAL_ACCENT_COLOR_NAME = AccentColor;
				CODE_SIGN_STYLE = Automatic;
				CURRENT_PROJECT_VERSION = 1;
				GENERATE_INFOPLIST_FILE = YES;
				INFOPLIST_FILE = AboutMeApp/App/Info.plist;
				INFOPLIST_KEY_UIApplicationSupportsIndirectInputEvents = YES;
				INFOPLIST_KEY_UILaunchStoryboardName = LaunchScreen;
				INFOPLIST_KEY_UIMainStoryboardFile = Main;
				INFOPLIST_KEY_UISupportedInterfaceOrientations_iPad = "UIInterfaceOrientationPortrait UIInterfaceOrientationPortraitUpsideDown UIInterfaceOrientationLandscapeLeft UIInterfaceOrientationLandscapeRight";
				INFOPLIST_KEY_UISupportedInterfaceOrientations_iPhone = "UIInterfaceOrientationPortrait UIInterfaceOrientationLandscapeLeft UIInterfaceOrientationLandscapeRight";
				LD_RUNPATH_SEARCH_PATHS = (
					"$(inherited)",
					"@executable_path/Frameworks",
				);
				MARKETING_VERSION = 1.0;
				PRODUCT_BUNDLE_IDENTIFIER = "Mikhail-Ivanov.AboutMeApp";
				PRODUCT_NAME = "$(TARGET_NAME)";
				SWIFT_EMIT_LOC_STRINGS = YES;
				SWIFT_VERSION = 5.0;
				TARGETED_DEVICE_FAMILY = "1,2";
			};
			name = Debug;
		};
		746B4F41279EEAB100D47CE3 /* Release */ = {
			isa = XCBuildConfiguration;
			buildSettings = {
				ASSETCATALOG_COMPILER_APPICON_NAME = AppIcon;
				ASSETCATALOG_COMPILER_GLOBAL_ACCENT_COLOR_NAME = AccentColor;
				CODE_SIGN_STYLE = Automatic;
				CURRENT_PROJECT_VERSION = 1;
				GENERATE_INFOPLIST_FILE = YES;
				INFOPLIST_FILE = AboutMeApp/App/Info.plist;
				INFOPLIST_KEY_UIApplicationSupportsIndirectInputEvents = YES;
				INFOPLIST_KEY_UILaunchStoryboardName = LaunchScreen;
				INFOPLIST_KEY_UIMainStoryboardFile = Main;
				INFOPLIST_KEY_UISupportedInterfaceOrientations_iPad = "UIInterfaceOrientationPortrait UIInterfaceOrientationPortraitUpsideDown UIInterfaceOrientationLandscapeLeft UIInterfaceOrientationLandscapeRight";
				INFOPLIST_KEY_UISupportedInterfaceOrientations_iPhone = "UIInterfaceOrientationPortrait UIInterfaceOrientationLandscapeLeft UIInterfaceOrientationLandscapeRight";
				LD_RUNPATH_SEARCH_PATHS = (
					"$(inherited)",
					"@executable_path/Frameworks",
				);
				MARKETING_VERSION = 1.0;
				PRODUCT_BUNDLE_IDENTIFIER = "Mikhail-Ivanov.AboutMeApp";
				PRODUCT_NAME = "$(TARGET_NAME)";
				SWIFT_EMIT_LOC_STRINGS = YES;
				SWIFT_VERSION = 5.0;
				TARGETED_DEVICE_FAMILY = "1,2";
			};
			name = Release;
		};
/* End XCBuildConfiguration section */

/* Begin XCConfigurationList section */
		746B4F26279EEAAE00D47CE3 /* Build configuration list for PBXProject "AboutMeApp" */ = {
			isa = XCConfigurationList;
			buildConfigurations = (
				746B4F3D279EEAB100D47CE3 /* Debug */,
				746B4F3E279EEAB100D47CE3 /* Release */,
			);
			defaultConfigurationIsVisible = 0;
			defaultConfigurationName = Release;
		};
		746B4F3F279EEAB100D47CE3 /* Build configuration list for PBXNativeTarget "AboutMeApp" */ = {
			isa = XCConfigurationList;
			buildConfigurations = (
				746B4F40279EEAB100D47CE3 /* Debug */,
				746B4F41279EEAB100D47CE3 /* Release */,
			);
			defaultConfigurationIsVisible = 0;
			defaultConfigurationName = Release;
		};
/* End XCConfigurationList section */
	};
	rootObject = 746B4F23279EEAAE00D47CE3 /* Project object */;
}
